
Microsoft Visual Studio Solution File, Format Version 12.00
# Visual Studio 15
VisualStudioVersion = 15.0.26430.6
MinimumVisualStudioVersion = 10.0.40219.1
Project("{FAE04EC0-301F-11D3-BF4B-00C04F79EFBC}") = "DeviceSimulator", "DeviceSimulator\DeviceSimulator.csproj", "{6FD1DC3E-B86A-4603-A0CE-D36009DEF3B0}"
EndProject
Project("{2150E333-8FDC-42A3-9474-1A3956D46DE8}") = "Azure", "Azure", "{66B663FA-293B-4AE4-B7C2-30096A869C2E}"
	ProjectSection(SolutionItems) = preProject
		StreamAnalyticsSQL.sql = StreamAnalyticsSQL.sql
	EndProjectSection
EndProject
Project("{2150E333-8FDC-42A3-9474-1A3956D46DE8}") = "Presentation deck", "Presentation deck", "{7C1F5222-54B4-47F4-83DE-8404A49896C6}"
	ProjectSection(SolutionItems) = preProject
		Presentation\Azure IoT suite - final.pdf = Presentation\Azure IoT suite - final.pdf
	EndProjectSection
EndProject
Project("{2150E333-8FDC-42A3-9474-1A3956D46DE8}") = "Recording", "Recording", "{27170F3D-9DCC-418C-BDBE-32272DC6F7B5}"
	ProjectSection(SolutionItems) = preProject
		Recording\IoT webinar part 1 of 2.mp4 = Recording\IoT webinar part 1 of 2.mp4
		Recording\IoT webinar part 2 of 2.mp4 = Recording\IoT webinar part 2 of 2.mp4
	EndProjectSection
EndProject
Global
	GlobalSection(SolutionConfigurationPlatforms) = preSolution
		Debug|ARM = Debug|ARM
		Debug|x64 = Debug|x64
		Debug|x86 = Debug|x86
		Release|ARM = Release|ARM
		Release|x64 = Release|x64
		Release|x86 = Release|x86
	EndGlobalSection
	GlobalSection(ProjectConfigurationPlatforms) = postSolution
		{6FD1DC3E-B86A-4603-A0CE-D36009DEF3B0}.Debug|ARM.ActiveCfg = Debug|ARM
		{6FD1DC3E-B86A-4603-A0CE-D36009DEF3B0}.Debug|ARM.Build.0 = Debug|ARM
		{6FD1DC3E-B86A-4603-A0CE-D36009DEF3B0}.Debug|ARM.Deploy.0 = Debug|ARM
		{6FD1DC3E-B86A-4603-A0CE-D36009DEF3B0}.Debug|x64.ActiveCfg = Debug|x64
		{6FD1DC3E-B86A-4603-A0CE-D36009DEF3B0}.Debug|x64.Build.0 = Debug|x64
		{6FD1DC3E-B86A-4603-A0CE-D36009DEF3B0}.Debug|x64.Deploy.0 = Debug|x64
		{6FD1DC3E-B86A-4603-A0CE-D36009DEF3B0}.Debug|x86.ActiveCfg = Debug|x86
		{6FD1DC3E-B86A-4603-A0CE-D36009DEF3B0}.Debug|x86.Build.0 = Debug|x86
		{6FD1DC3E-B86A-4603-A0CE-D36009DEF3B0}.Debug|x86.Deploy.0 = Debug|x86
		{6FD1DC3E-B86A-4603-A0CE-D36009DEF3B0}.Release|ARM.ActiveCfg = Release|ARM
		{6FD1DC3E-B86A-4603-A0CE-D36009DEF3B0}.Release|ARM.Build.0 = Release|ARM
		{6FD1DC3E-B86A-4603-A0CE-D36009DEF3B0}.Release|ARM.Deploy.0 = Release|ARM
		{6FD1DC3E-B86A-4603-A0CE-D36009DEF3B0}.Release|x64.ActiveCfg = Release|x64
		{6FD1DC3E-B86A-4603-A0CE-D36009DEF3B0}.Release|x64.Build.0 = Release|x64
		{6FD1DC3E-B86A-4603-A0CE-D36009DEF3B0}.Release|x64.Deploy.0 = Release|x64
		{6FD1DC3E-B86A-4603-A0CE-D36009DEF3B0}.Release|x86.ActiveCfg = Release|x86
		{6FD1DC3E-B86A-4603-A0CE-D36009DEF3B0}.Release|x86.Build.0 = Release|x86
		{6FD1DC3E-B86A-4603-A0CE-D36009DEF3B0}.Release|x86.Deploy.0 = Release|x86
	EndGlobalSection
	GlobalSection(SolutionProperties) = preSolution
		HideSolutionNode = FALSE
	EndGlobalSection
EndGlobal
